
Microsoft Visual Studio Solution File, Format Version 12.00
# Visual Studio Version 16
VisualStudioVersion = 16.0.32106.194
MinimumVisualStudioVersion = 10.0.40219.1
Project("{FAE04EC0-301F-11D3-BF4B-00C04F79EFBC}") = "PhoneNumber", "PhoneNumber\PhoneNumber.csproj", "{0088AC34-FB80-42B7-A36F-80A3022BE3E5}"
EndProject
Global
	GlobalSection(SolutionConfigurationPlatforms) = preSolution
		Debug|Any CPU = Debug|Any CPU
		Release|Any CPU = Release|Any CPU
	EndGlobalSection
	GlobalSection(ProjectConfigurationPlatforms) = postSolution
		{0088AC34-FB80-42B7-A36F-80A3022BE3E5}.Debug|Any CPU.ActiveCfg = Debug|Any CPU
		{0088AC34-FB80-42B7-A36F-80A3022BE3E5}.Debug|Any CPU.Build.0 = Debug|Any CPU
		{0088AC34-FB80-42B7-A36F-80A3022BE3E5}.Release|Any CPU.ActiveCfg = Release|Any CPU
		{0088AC34-FB80-42B7-A36F-80A3022BE3E5}.Release|Any CPU.Build.0 = Release|Any CPU
	EndGlobalSection
	GlobalSection(SolutionProperties) = preSolution
		HideSolutionNode = FALSE
	EndGlobalSection
	GlobalSection(ExtensibilityGlobals) = postSolution
		SolutionGuid = {8643F2F4-AB89-4AD5-997D-DDC982A9EFD8}
	EndGlobalSection
EndGlobal
